
Microsoft Visual Studio Solution File, Format Version 12.00
# Visual Studio 14
VisualStudioVersion = 14.0.25123.0
MinimumVisualStudioVersion = 10.0.40219.1
Project("{FAE04EC0-301F-11D3-BF4B-00C04F79EFBC}") = "VoipTest", "VoipTest\VoipTest.csproj", "{13641FF1-81F2-4334-9993-CE6C57689EBF}"
EndProject
Project("{FAE04EC0-301F-11D3-BF4B-00C04F79EFBC}") = "SDKBind", "SDKBind\SDKBind.csproj", "{CC6C3ADA-48D6-4D41-AFEC-A6B3A72C5697}"
EndProject
Global
	GlobalSection(SolutionConfigurationPlatforms) = preSolution
		Debug|Any CPU = Debug|Any CPU
		Release|Any CPU = Release|Any CPU
	EndGlobalSection
	GlobalSection(ProjectConfigurationPlatforms) = postSolution
		{13641FF1-81F2-4334-9993-CE6C57689EBF}.Debug|Any CPU.ActiveCfg = Debug|Any CPU
		{13641FF1-81F2-4334-9993-CE6C57689EBF}.Debug|Any CPU.Build.0 = Debug|Any CPU
		{13641FF1-81F2-4334-9993-CE6C57689EBF}.Debug|Any CPU.Deploy.0 = Debug|Any CPU
		{13641FF1-81F2-4334-9993-CE6C57689EBF}.Release|Any CPU.ActiveCfg = Release|Any CPU
		{13641FF1-81F2-4334-9993-CE6C57689EBF}.Release|Any CPU.Build.0 = Release|Any CPU
		{13641FF1-81F2-4334-9993-CE6C57689EBF}.Release|Any CPU.Deploy.0 = Release|Any CPU
		{CC6C3ADA-48D6-4D41-AFEC-A6B3A72C5697}.Debug|Any CPU.ActiveCfg = Debug|Any CPU
		{CC6C3ADA-48D6-4D41-AFEC-A6B3A72C5697}.Debug|Any CPU.Build.0 = Debug|Any CPU
		{CC6C3ADA-48D6-4D41-AFEC-A6B3A72C5697}.Release|Any CPU.ActiveCfg = Release|Any CPU
		{CC6C3ADA-48D6-4D41-AFEC-A6B3A72C5697}.Release|Any CPU.Build.0 = Release|Any CPU
	EndGlobalSection
	GlobalSection(SolutionProperties) = preSolution
		HideSolutionNode = FALSE
	EndGlobalSection
EndGlobal
